
Microsoft Visual Studio Solution File, Format Version 12.00
# Visual Studio Version 16
VisualStudioVersion = 16.0.31424.327
MinimumVisualStudioVersion = 10.0.40219.1
Project("{FAE04EC0-301F-11D3-BF4B-00C04F79EFBC}") = "Demo_LINQ", "Demo_LINQ\Demo_LINQ.csproj", "{81FB2F3D-E761-49E1-A846-0F17A87BEF2D}"
EndProject
Global
	GlobalSection(SolutionConfigurationPlatforms) = preSolution
		Debug|Any CPU = Debug|Any CPU
		Release|Any CPU = Release|Any CPU
	EndGlobalSection
	GlobalSection(ProjectConfigurationPlatforms) = postSolution
		{81FB2F3D-E761-49E1-A846-0F17A87BEF2D}.Debug|Any CPU.ActiveCfg = Debug|Any CPU
		{81FB2F3D-E761-49E1-A846-0F17A87BEF2D}.Debug|Any CPU.Build.0 = Debug|Any CPU
		{81FB2F3D-E761-49E1-A846-0F17A87BEF2D}.Release|Any CPU.ActiveCfg = Release|Any CPU
		{81FB2F3D-E761-49E1-A846-0F17A87BEF2D}.Release|Any CPU.Build.0 = Release|Any CPU
	EndGlobalSection
	GlobalSection(SolutionProperties) = preSolution
		HideSolutionNode = FALSE
	EndGlobalSection
	GlobalSection(ExtensibilityGlobals) = postSolution
		SolutionGuid = {939EFA0B-ED23-496C-A98E-24CD832C269A}
	EndGlobalSection
EndGlobal
